
Microsoft Visual Studio Solution File, Format Version 12.00
# Visual Studio Version 16
VisualStudioVersion = 16.0.31727.386
MinimumVisualStudioVersion = 10.0.40219.1
Project("{FAE04EC0-301F-11D3-BF4B-00C04F79EFBC}") = "TaskList.Web", "TaskList.Web\TaskList.Web.csproj", "{C2DDFD7A-C97B-40A9-A5CF-82ACE6D32178}"
EndProject
Global
	GlobalSection(SolutionConfigurationPlatforms) = preSolution
		Debug|Any CPU = Debug|Any CPU
		Release|Any CPU = Release|Any CPU
	EndGlobalSection
	GlobalSection(ProjectConfigurationPlatforms) = postSolution
		{C2DDFD7A-C97B-40A9-A5CF-82ACE6D32178}.Debug|Any CPU.ActiveCfg = Debug|Any CPU
		{C2DDFD7A-C97B-40A9-A5CF-82ACE6D32178}.Debug|Any CPU.Build.0 = Debug|Any CPU
		{C2DDFD7A-C97B-40A9-A5CF-82ACE6D32178}.Release|Any CPU.ActiveCfg = Release|Any CPU
		{C2DDFD7A-C97B-40A9-A5CF-82ACE6D32178}.Release|Any CPU.Build.0 = Release|Any CPU
	EndGlobalSection
	GlobalSection(SolutionProperties) = preSolution
		HideSolutionNode = FALSE
	EndGlobalSection
	GlobalSection(ExtensibilityGlobals) = postSolution
		SolutionGuid = {30CEF1F1-7769-4125-BCAE-66D318E05678}
	EndGlobalSection
EndGlobal
